// !$*UTF8*$!
{
	archiveVersion = 1;
	classes = {
	};
	objectVersion = 46;
	objects = {

/* Begin PBXBuildFile section */
		80A2FCA7362AB76C9132C8D0 /* Pods_PizzaMe_.framework in Frameworks */ = {isa = PBXBuildFile; fileRef = 94238C4CAD8DEE4EE3B39231 /* Pods_PizzaMe_.framework */; };
		C623FB391EB79C2600099C9D /* Interface.storyboard in Resources */ = {isa = PBXBuildFile; fileRef = C623FB371EB79C2600099C9D /* Interface.storyboard */; };
		C623FB3B1EB79C2600099C9D /* Assets.xcassets in Resources */ = {isa = PBXBuildFile; fileRef = C623FB3A1EB79C2600099C9D /* Assets.xcassets */; };
		C623FB421EB79C2600099C9D /* Watch Extension.appex in Embed App Extensions */ = {isa = PBXBuildFile; fileRef = C623FB411EB79C2600099C9D /* Watch Extension.appex */; settings = {ATTRIBUTES = (RemoveHeadersOnCopy, ); }; };
		C623FB471EB79C2600099C9D /* InterfaceController.swift in Sources */ = {isa = PBXBuildFile; fileRef = C623FB461EB79C2600099C9D /* InterfaceController.swift */; };
		C623FB491EB79C2600099C9D /* ExtensionDelegate.swift in Sources */ = {isa = PBXBuildFile; fileRef = C623FB481EB79C2600099C9D /* ExtensionDelegate.swift */; };
		C623FB4B1EB79C2600099C9D /* Assets.xcassets in Resources */ = {isa = PBXBuildFile; fileRef = C623FB4A1EB79C2600099C9D /* Assets.xcassets */; };
		C623FB4F1EB79C2600099C9D /* Watch.app in Embed Watch Content */ = {isa = PBXBuildFile; fileRef = C623FB351EB79C2500099C9D /* Watch.app */; };
		C623FB581EB79DD600099C9D /* Location.swift in Sources */ = {isa = PBXBuildFile; fileRef = C68720131E82089400351017 /* Location.swift */; };
		C623FB5A1EB79FE500099C9D /* MapInterfaceController.swift in Sources */ = {isa = PBXBuildFile; fileRef = C623FB591EB79FE500099C9D /* MapInterfaceController.swift */; };
		C623FB5D1EB7A0C000099C9D /* pizza_marker_watch.png in Resources */ = {isa = PBXBuildFile; fileRef = C623FB5C1EB7A0C000099C9D /* pizza_marker_watch.png */; };
		C623FB5E1EB7A0C000099C9D /* pizza_marker_watch.png in Resources */ = {isa = PBXBuildFile; fileRef = C623FB5C1EB7A0C000099C9D /* pizza_marker_watch.png */; };
		C623FB5F1EB7A4D600099C9D /* pizza_marker.png in Resources */ = {isa = PBXBuildFile; fileRef = C69B0DC31EA95111003FE233 /* pizza_marker.png */; };
		C623FB601EB7A4D600099C9D /* pizza_marker.png in Resources */ = {isa = PBXBuildFile; fileRef = C69B0DC31EA95111003FE233 /* pizza_marker.png */; };
		C68720001E8207A700351017 /* AppDelegate.swift in Sources */ = {isa = PBXBuildFile; fileRef = C6871FFF1E8207A700351017 /* AppDelegate.swift */; };
		C68720051E8207A700351017 /* Main.storyboard in Resources */ = {isa = PBXBuildFile; fileRef = C68720031E8207A700351017 /* Main.storyboard */; };
		C68720071E8207A700351017 /* Assets.xcassets in Resources */ = {isa = PBXBuildFile; fileRef = C68720061E8207A700351017 /* Assets.xcassets */; };
		C687200A1E8207A700351017 /* LaunchScreen.storyboard in Resources */ = {isa = PBXBuildFile; fileRef = C68720081E8207A700351017 /* LaunchScreen.storyboard */; };
		C68720141E82089400351017 /* Location.swift in Sources */ = {isa = PBXBuildFile; fileRef = C68720131E82089400351017 /* Location.swift */; };
		C68720161E8208A600351017 /* PizzaMeViewController.swift in Sources */ = {isa = PBXBuildFile; fileRef = C68720151E8208A600351017 /* PizzaMeViewController.swift */; };
		C68720181E8208B500351017 /* GoogleMapsViewController.swift in Sources */ = {isa = PBXBuildFile; fileRef = C68720171E8208B500351017 /* GoogleMapsViewController.swift */; };
		C687201B1E820AB700351017 /* pizza_annotation.png in Resources */ = {isa = PBXBuildFile; fileRef = C68720191E820AB700351017 /* pizza_annotation.png */; };
		C687201C1E820AB700351017 /* pizza_me.png in Resources */ = {isa = PBXBuildFile; fileRef = C687201A1E820AB700351017 /* pizza_me.png */; };
		C68BE09F1E844FA500C3E643 /* FadeTransition.swift in Sources */ = {isa = PBXBuildFile; fileRef = C68BE09E1E844FA500C3E643 /* FadeTransition.swift */; };
		C69B0D7A1EA9456E003FE233 /* GoogleService-Info.plist in Resources */ = {isa = PBXBuildFile; fileRef = C69B0D791EA9456E003FE233 /* GoogleService-Info.plist */; };
		C69B0D7E1EA946F0003FE233 /* UIColor+Additions.m in Sources */ = {isa = PBXBuildFile; fileRef = C69B0D7D1EA946F0003FE233 /* UIColor+Additions.m */; };
		C69B0D861EA94805003FE233 /* LocationAnnotationView.swift in Sources */ = {isa = PBXBuildFile; fileRef = C69B0D851EA94805003FE233 /* LocationAnnotationView.swift */; };
		C69B0D881EA94812003FE233 /* LocationAnnotation.swift in Sources */ = {isa = PBXBuildFile; fileRef = C69B0D871EA94812003FE233 /* LocationAnnotation.swift */; };
		C69B0D8A1EA9486B003FE233 /* ReviewTableViewCell.swift in Sources */ = {isa = PBXBuildFile; fileRef = C69B0D891EA9486B003FE233 /* ReviewTableViewCell.swift */; };
		C69B0D8C1EA9488B003FE233 /* LocationDetail.swift in Sources */ = {isa = PBXBuildFile; fileRef = C69B0D8B1EA9488B003FE233 /* LocationDetail.swift */; };
		C69B0D8E1EA948A5003FE233 /* Review.swift in Sources */ = {isa = PBXBuildFile; fileRef = C69B0D8D1EA948A5003FE233 /* Review.swift */; };
		C69B0D911EA948D0003FE233 /* CustomInfoWindow.xib in Resources */ = {isa = PBXBuildFile; fileRef = C69B0D8F1EA948D0003FE233 /* CustomInfoWindow.xib */; };
		C69B0D921EA948D0003FE233 /* CustomInfoWindow.swift in Sources */ = {isa = PBXBuildFile; fileRef = C69B0D901EA948D0003FE233 /* CustomInfoWindow.swift */; };
		C69B0D941EA949CE003FE233 /* MoreInfoViewController.swift in Sources */ = {isa = PBXBuildFile; fileRef = C69B0D931EA949CE003FE233 /* MoreInfoViewController.swift */; };
		C69B0D961EA949E9003FE233 /* ReviewViewController.swift in Sources */ = {isa = PBXBuildFile; fileRef = C69B0D951EA949E9003FE233 /* ReviewViewController.swift */; };
		C69B0D981EA94A06003FE233 /* AddReviewViewController.swift in Sources */ = {isa = PBXBuildFile; fileRef = C69B0D971EA94A06003FE233 /* AddReviewViewController.swift */; };
		C69B0D9A1EA94A1F003FE233 /* LocationDetailTabBarController.swift in Sources */ = {isa = PBXBuildFile; fileRef = C69B0D991EA94A1F003FE233 /* LocationDetailTabBarController.swift */; };
		C69B0D9C1EA94A33003FE233 /* LocationARViewController.swift in Sources */ = {isa = PBXBuildFile; fileRef = C69B0D9B1EA94A33003FE233 /* LocationARViewController.swift */; };
		C69B0DB01EA94AB5003FE233 /* marker_background.png in Resources */ = {isa = PBXBuildFile; fileRef = C69B0D9D1EA94AB5003FE233 /* marker_background.png */; };
		C69B0DB11EA94AB5003FE233 /* thumb-up.png in Resources */ = {isa = PBXBuildFile; fileRef = C69B0D9E1EA94AB5003FE233 /* thumb-up.png */; };
		C69B0DB21EA94AB5003FE233 /* info.png in Resources */ = {isa = PBXBuildFile; fileRef = C69B0D9F1EA94AB5003FE233 /* info.png */; };
		C69B0DB31EA94AB5003FE233 /* taco_me_text.png in Resources */ = {isa = PBXBuildFile; fileRef = C69B0DA01EA94AB5003FE233 /* taco_me_text.png */; };
		C69B0DB41EA94AB5003FE233 /* review_icon_50x50.png in Resources */ = {isa = PBXBuildFile; fileRef = C69B0DA11EA94AB5003FE233 /* review_icon_50x50.png */; };
		C69B0DB51EA94AB5003FE233 /* Info_icon_50x50.png in Resources */ = {isa = PBXBuildFile; fileRef = C69B0DA21EA94AB5003FE233 /* Info_icon_50x50.png */; };
		C69B0DB61EA94AB5003FE233 /* powered_by_google_on_non_white.png in Resources */ = {isa = PBXBuildFile; fileRef = C69B0DA31EA94AB5003FE233 /* powered_by_google_on_non_white.png */; };
		C69B0DB71EA94AB5003FE233 /* powered_by_google_on_non_white@2x.png in Resources */ = {isa = PBXBuildFile; fileRef = C69B0DA41EA94AB5003FE233 /* powered_by_google_on_non_white@2x.png */; };
		C69B0DB81EA94AB5003FE233 /* 2_5_stars.png in Resources */ = {isa = PBXBuildFile; fileRef = C69B0DA51EA94AB5003FE233 /* 2_5_stars.png */; };
		C69B0DB91EA94AB5003FE233 /* 4_5_stars.png in Resources */ = {isa = PBXBuildFile; fileRef = C69B0DA61EA94AB5003FE233 /* 4_5_stars.png */; };
		C69B0DBA1EA94AB5003FE233 /* 0_5_stars.png in Resources */ = {isa = PBXBuildFile; fileRef = C69B0DA71EA94AB5003FE233 /* 0_5_stars.png */; };
		C69B0DBB1EA94AB5003FE233 /* 1_5_stars.png in Resources */ = {isa = PBXBuildFile; fileRef = C69B0DA81EA94AB5003FE233 /* 1_5_stars.png */; };
		C69B0DBC1EA94AB5003FE233 /* 3_5_stars.png in Resources */ = {isa = PBXBuildFile; fileRef = C69B0DA91EA94AB5003FE233 /* 3_5_stars.png */; };
		C69B0DBD1EA94AB5003FE233 /* 0_stars.png in Resources */ = {isa = PBXBuildFile; fileRef = C69B0DAA1EA94AB5003FE233 /* 0_stars.png */; };
		C69B0DBE1EA94AB5003FE233 /* 4_stars.png in Resources */ = {isa = PBXBuildFile; fileRef = C69B0DAB1EA94AB5003FE233 /* 4_stars.png */; };
		C69B0DBF1EA94AB5003FE233 /* 1_stars.png in Resources */ = {isa = PBXBuildFile; fileRef = C69B0DAC1EA94AB5003FE233 /* 1_stars.png */; };
		C69B0DC01EA94AB5003FE233 /* 2_stars.png in Resources */ = {isa = PBXBuildFile; fileRef = C69B0DAD1EA94AB5003FE233 /* 2_stars.png */; };
		C69B0DC11EA94AB5003FE233 /* 3_stars.png in Resources */ = {isa = PBXBuildFile; fileRef = C69B0DAE1EA94AB5003FE233 /* 3_stars.png */; };
		C69B0DC21EA94AB5003FE233 /* 5_stars.png in Resources */ = {isa = PBXBuildFile; fileRef = C69B0DAF1EA94AB5003FE233 /* 5_stars.png */; };
		C69B0DC41EA95111003FE233 /* pizza_marker.png in Resources */ = {isa = PBXBuildFile; fileRef = C69B0DC31EA95111003FE233 /* pizza_marker.png */; };
/* End PBXBuildFile section */

/* Begin PBXContainerItemProxy section */
		C623FB431EB79C2600099C9D /* PBXContainerItemProxy */ = {
			isa = PBXContainerItemProxy;
			containerPortal = C6871FF41E8207A700351017 /* Project object */;
			proxyType = 1;
			remoteGlobalIDString = C623FB401EB79C2600099C9D;
			remoteInfo = "Watch Extension";
		};
		C623FB4D1EB79C2600099C9D /* PBXContainerItemProxy */ = {
			isa = PBXContainerItemProxy;
			containerPortal = C6871FF41E8207A700351017 /* Project object */;
			proxyType = 1;
			remoteGlobalIDString = C623FB341EB79C2500099C9D;
			remoteInfo = Watch;
		};
/* End PBXContainerItemProxy section */

/* Begin PBXCopyFilesBuildPhase section */
		C623FB531EB79C2600099C9D /* Embed App Extensions */ = {
			isa = PBXCopyFilesBuildPhase;
			buildActionMask = 2147483647;
			dstPath = "";
			dstSubfolderSpec = 13;
			files = (
				C623FB421EB79C2600099C9D /* Watch Extension.appex in Embed App Extensions */,
			);
			name = "Embed App Extensions";
			runOnlyForDeploymentPostprocessing = 0;
		};
		C623FB571EB79C2600099C9D /* Embed Watch Content */ = {
			isa = PBXCopyFilesBuildPhase;
			buildActionMask = 2147483647;
			dstPath = "$(CONTENTS_FOLDER_PATH)/Watch";
			dstSubfolderSpec = 16;
			files = (
				C623FB4F1EB79C2600099C9D /* Watch.app in Embed Watch Content */,
			);
			name = "Embed Watch Content";
			runOnlyForDeploymentPostprocessing = 0;
		};
/* End PBXCopyFilesBuildPhase section */

/* Begin PBXFileReference section */
		458551585854A6D9656BDA87 /* Pods-PizzaMe!.debug.xcconfig */ = {isa = PBXFileReference; includeInIndex = 1; lastKnownFileType = text.xcconfig; name = "Pods-PizzaMe!.debug.xcconfig"; path = "Pods/Target Support Files/Pods-PizzaMe!/Pods-PizzaMe!.debug.xcconfig"; sourceTree = "<group>"; };
		903B25A89BB16FD9226C7226 /* Pods-PizzaMe!.release.xcconfig */ = {isa = PBXFileReference; includeInIndex = 1; lastKnownFileType = text.xcconfig; name = "Pods-PizzaMe!.release.xcconfig"; path = "Pods/Target Support Files/Pods-PizzaMe!/Pods-PizzaMe!.release.xcconfig"; sourceTree = "<group>"; };
		94238C4CAD8DEE4EE3B39231 /* Pods_PizzaMe_.framework */ = {isa = PBXFileReference; explicitFileType = wrapper.framework; includeInIndex = 0; path = Pods_PizzaMe_.framework; sourceTree = BUILT_PRODUCTS_DIR; };
		C623FB351EB79C2500099C9D /* Watch.app */ = {isa = PBXFileReference; explicitFileType = wrapper.application; includeInIndex = 0; path = Watch.app; sourceTree = BUILT_PRODUCTS_DIR; };
		C623FB381EB79C2600099C9D /* Base */ = {isa = PBXFileReference; lastKnownFileType = file.storyboard; name = Base; path = Base.lproj/Interface.storyboard; sourceTree = "<group>"; };
		C623FB3A1EB79C2600099C9D /* Assets.xcassets */ = {isa = PBXFileReference; lastKnownFileType = folder.assetcatalog; path = Assets.xcassets; sourceTree = "<group>"; };
		C623FB3C1EB79C2600099C9D /* Info.plist */ = {isa = PBXFileReference; lastKnownFileType = text.plist.xml; path = Info.plist; sourceTree = "<group>"; };
		C623FB411EB79C2600099C9D /* Watch Extension.appex */ = {isa = PBXFileReference; explicitFileType = "wrapper.app-extension"; includeInIndex = 0; path = "Watch Extension.appex"; sourceTree = BUILT_PRODUCTS_DIR; };
		C623FB461EB79C2600099C9D /* InterfaceController.swift */ = {isa = PBXFileReference; lastKnownFileType = sourcecode.swift; path = InterfaceController.swift; sourceTree = "<group>"; };
		C623FB481EB79C2600099C9D /* ExtensionDelegate.swift */ = {isa = PBXFileReference; lastKnownFileType = sourcecode.swift; path = ExtensionDelegate.swift; sourceTree = "<group>"; };
		C623FB4A1EB79C2600099C9D /* Assets.xcassets */ = {isa = PBXFileReference; lastKnownFileType = folder.assetcatalog; path = Assets.xcassets; sourceTree = "<group>"; };
		C623FB4C1EB79C2600099C9D /* Info.plist */ = {isa = PBXFileReference; lastKnownFileType = text.plist.xml; path = Info.plist; sourceTree = "<group>"; };
		C623FB591EB79FE500099C9D /* MapInterfaceController.swift */ = {isa = PBXFileReference; fileEncoding = 4; lastKnownFileType = sourcecode.swift; path = MapInterfaceController.swift; sourceTree = "<group>"; };
		C623FB5C1EB7A0C000099C9D /* pizza_marker_watch.png */ = {isa = PBXFileReference; lastKnownFileType = image.png; path = pizza_marker_watch.png; sourceTree = "<group>"; };
		C6871FFC1E8207A700351017 /* PizzaMe!.app */ = {isa = PBXFileReference; explicitFileType = wrapper.application; includeInIndex = 0; path = "PizzaMe!.app"; sourceTree = BUILT_PRODUCTS_DIR; };
		C6871FFF1E8207A700351017 /* AppDelegate.swift */ = {isa = PBXFileReference; lastKnownFileType = sourcecode.swift; path = AppDelegate.swift; sourceTree = "<group>"; };
		C68720041E8207A700351017 /* Base */ = {isa = PBXFileReference; lastKnownFileType = file.storyboard; name = Base; path = Base.lproj/Main.storyboard; sourceTree = "<group>"; };
		C68720061E8207A700351017 /* Assets.xcassets */ = {isa = PBXFileReference; lastKnownFileType = folder.assetcatalog; path = Assets.xcassets; sourceTree = "<group>"; };
		C68720091E8207A700351017 /* Base */ = {isa = PBXFileReference; lastKnownFileType = file.storyboard; name = Base; path = Base.lproj/LaunchScreen.storyboard; sourceTree = "<group>"; };
		C687200B1E8207A700351017 /* Info.plist */ = {isa = PBXFileReference; lastKnownFileType = text.plist.xml; path = Info.plist; sourceTree = "<group>"; };
		C68720131E82089400351017 /* Location.swift */ = {isa = PBXFileReference; fileEncoding = 4; lastKnownFileType = sourcecode.swift; path = Location.swift; sourceTree = "<group>"; };
		C68720151E8208A600351017 /* PizzaMeViewController.swift */ = {isa = PBXFileReference; fileEncoding = 4; lastKnownFileType = sourcecode.swift; path = PizzaMeViewController.swift; sourceTree = "<group>"; };
		C68720171E8208B500351017 /* GoogleMapsViewController.swift */ = {isa = PBXFileReference; fileEncoding = 4; lastKnownFileType = sourcecode.swift; path = GoogleMapsViewController.swift; sourceTree = "<group>"; };
		C68720191E820AB700351017 /* pizza_annotation.png */ = {isa = PBXFileReference; lastKnownFileType = image.png; path = pizza_annotation.png; sourceTree = "<group>"; };
		C687201A1E820AB700351017 /* pizza_me.png */ = {isa = PBXFileReference; lastKnownFileType = image.png; path = pizza_me.png; sourceTree = "<group>"; };
		C68BE09E1E844FA500C3E643 /* FadeTransition.swift */ = {isa = PBXFileReference; fileEncoding = 4; lastKnownFileType = sourcecode.swift; path = FadeTransition.swift; sourceTree = "<group>"; };
		C69B0D791EA9456E003FE233 /* GoogleService-Info.plist */ = {isa = PBXFileReference; fileEncoding = 4; lastKnownFileType = text.plist.xml; path = "GoogleService-Info.plist"; sourceTree = "<group>"; };
		C69B0D7B1EA946EF003FE233 /* PizzaMe!-Bridging-Header.h */ = {isa = PBXFileReference; lastKnownFileType = sourcecode.c.h; path = "PizzaMe!-Bridging-Header.h"; sourceTree = "<group>"; };
		C69B0D7C1EA946F0003FE233 /* UIColor+Additions.h */ = {isa = PBXFileReference; fileEncoding = 4; lastKnownFileType = sourcecode.c.h; path = "UIColor+Additions.h"; sourceTree = "<group>"; };
		C69B0D7D1EA946F0003FE233 /* UIColor+Additions.m */ = {isa = PBXFileReference; fileEncoding = 4; lastKnownFileType = sourcecode.c.objc; path = "UIColor+Additions.m"; sourceTree = "<group>"; };
		C69B0D851EA94805003FE233 /* LocationAnnotationView.swift */ = {isa = PBXFileReference; fileEncoding = 4; lastKnownFileType = sourcecode.swift; path = LocationAnnotationView.swift; sourceTree = "<group>"; };
		C69B0D871EA94812003FE233 /* LocationAnnotation.swift */ = {isa = PBXFileReference; fileEncoding = 4; lastKnownFileType = sourcecode.swift; path = LocationAnnotation.swift; sourceTree = "<group>"; };
		C69B0D891EA9486B003FE233 /* ReviewTableViewCell.swift */ = {isa = PBXFileReference; fileEncoding = 4; lastKnownFileType = sourcecode.swift; path = ReviewTableViewCell.swift; sourceTree = "<group>"; };
		C69B0D8B1EA9488B003FE233 /* LocationDetail.swift */ = {isa = PBXFileReference; fileEncoding = 4; lastKnownFileType = sourcecode.swift; path = LocationDetail.swift; sourceTree = "<group>"; };
		C69B0D8D1EA948A5003FE233 /* Review.swift */ = {isa = PBXFileReference; fileEncoding = 4; lastKnownFileType = sourcecode.swift; path = Review.swift; sourceTree = "<group>"; };
		C69B0D8F1EA948D0003FE233 /* CustomInfoWindow.xib */ = {isa = PBXFileReference; fileEncoding = 4; lastKnownFileType = file.xib; path = CustomInfoWindow.xib; sourceTree = "<group>"; };
		C69B0D901EA948D0003FE233 /* CustomInfoWindow.swift */ = {isa = PBXFileReference; fileEncoding = 4; lastKnownFileType = sourcecode.swift; path = CustomInfoWindow.swift; sourceTree = "<group>"; };
		C69B0D931EA949CE003FE233 /* MoreInfoViewController.swift */ = {isa = PBXFileReference; fileEncoding = 4; lastKnownFileType = sourcecode.swift; path = MoreInfoViewController.swift; sourceTree = "<group>"; };
		C69B0D951EA949E9003FE233 /* ReviewViewController.swift */ = {isa = PBXFileReference; fileEncoding = 4; lastKnownFileType = sourcecode.swift; path = ReviewViewController.swift; sourceTree = "<group>"; };
		C69B0D971EA94A06003FE233 /* AddReviewViewController.swift */ = {isa = PBXFileReference; fileEncoding = 4; lastKnownFileType = sourcecode.swift; path = AddReviewViewController.swift; sourceTree = "<group>"; };
		C69B0D991EA94A1F003FE233 /* LocationDetailTabBarController.swift */ = {isa = PBXFileReference; fileEncoding = 4; lastKnownFileType = sourcecode.swift; path = LocationDetailTabBarController.swift; sourceTree = "<group>"; };
		C69B0D9B1EA94A33003FE233 /* LocationARViewController.swift */ = {isa = PBXFileReference; fileEncoding = 4; lastKnownFileType = sourcecode.swift; path = LocationARViewController.swift; sourceTree = "<group>"; };
		C69B0D9D1EA94AB5003FE233 /* marker_background.png */ = {isa = PBXFileReference; lastKnownFileType = image.png; path = marker_background.png; sourceTree = "<group>"; };
		C69B0D9E1EA94AB5003FE233 /* thumb-up.png */ = {isa = PBXFileReference; lastKnownFileType = image.png; path = "thumb-up.png"; sourceTree = "<group>"; };
		C69B0D9F1EA94AB5003FE233 /* info.png */ = {isa = PBXFileReference; lastKnownFileType = image.png; path = info.png; sourceTree = "<group>"; };
		C69B0DA01EA94AB5003FE233 /* taco_me_text.png */ = {isa = PBXFileReference; lastKnownFileType = image.png; path = taco_me_text.png; sourceTree = "<group>"; };
		C69B0DA11EA94AB5003FE233 /* review_icon_50x50.png */ = {isa = PBXFileReference; lastKnownFileType = image.png; path = review_icon_50x50.png; sourceTree = "<group>"; };
		C69B0DA21EA94AB5003FE233 /* Info_icon_50x50.png */ = {isa = PBXFileReference; lastKnownFileType = image.png; path = Info_icon_50x50.png; sourceTree = "<group>"; };
		C69B0DA31EA94AB5003FE233 /* powered_by_google_on_non_white.png */ = {isa = PBXFileReference; lastKnownFileType = image.png; path = powered_by_google_on_non_white.png; sourceTree = "<group>"; };
		C69B0DA41EA94AB5003FE233 /* powered_by_google_on_non_white@2x.png */ = {isa = PBXFileReference; lastKnownFileType = image.png; path = "powered_by_google_on_non_white@2x.png"; sourceTree = "<group>"; };
		C69B0DA51EA94AB5003FE233 /* 2_5_stars.png */ = {isa = PBXFileReference; lastKnownFileType = image.png; path = 2_5_stars.png; sourceTree = "<group>"; };
		C69B0DA61EA94AB5003FE233 /* 4_5_stars.png */ = {isa = PBXFileReference; lastKnownFileType = image.png; path = 4_5_stars.png; sourceTree = "<group>"; };
		C69B0DA71EA94AB5003FE233 /* 0_5_stars.png */ = {isa = PBXFileReference; lastKnownFileType = image.png; path = 0_5_stars.png; sourceTree = "<group>"; };
		C69B0DA81EA94AB5003FE233 /* 1_5_stars.png */ = {isa = PBXFileReference; lastKnownFileType = image.png; path = 1_5_stars.png; sourceTree = "<group>"; };
		C69B0DA91EA94AB5003FE233 /* 3_5_stars.png */ = {isa = PBXFileReference; lastKnownFileType = image.png; path = 3_5_stars.png; sourceTree = "<group>"; };
		C69B0DAA1EA94AB5003FE233 /* 0_stars.png */ = {isa = PBXFileReference; lastKnownFileType = image.png; path = 0_stars.png; sourceTree = "<group>"; };
		C69B0DAB1EA94AB5003FE233 /* 4_stars.png */ = {isa = PBXFileReference; lastKnownFileType = image.png; path = 4_stars.png; sourceTree = "<group>"; };
		C69B0DAC1EA94AB5003FE233 /* 1_stars.png */ = {isa = PBXFileReference; lastKnownFileType = image.png; path = 1_stars.png; sourceTree = "<group>"; };
		C69B0DAD1EA94AB5003FE233 /* 2_stars.png */ = {isa = PBXFileReference; lastKnownFileType = image.png; path = 2_stars.png; sourceTree = "<group>"; };
		C69B0DAE1EA94AB5003FE233 /* 3_stars.png */ = {isa = PBXFileReference; lastKnownFileType = image.png; path = 3_stars.png; sourceTree = "<group>"; };
		C69B0DAF1EA94AB5003FE233 /* 5_stars.png */ = {isa = PBXFileReference; lastKnownFileType = image.png; path = 5_stars.png; sourceTree = "<group>"; };
		C69B0DC31EA95111003FE233 /* pizza_marker.png */ = {isa = PBXFileReference; lastKnownFileType = image.png; path = pizza_marker.png; sourceTree = "<group>"; };
/* End PBXFileReference section */

/* Begin PBXFrameworksBuildPhase section */
		C623FB3E1EB79C2600099C9D /* Frameworks */ = {
			isa = PBXFrameworksBuildPhase;
			buildActionMask = 2147483647;
			files = (
			);
			runOnlyForDeploymentPostprocessing = 0;
		};
		C6871FF91E8207A700351017 /* Frameworks */ = {
			isa = PBXFrameworksBuildPhase;
			buildActionMask = 2147483647;
			files = (
				80A2FCA7362AB76C9132C8D0 /* Pods_PizzaMe_.framework in Frameworks */,
			);
			runOnlyForDeploymentPostprocessing = 0;
		};
/* End PBXFrameworksBuildPhase section */

/* Begin PBXGroup section */
		267D59BCB3DEB962FD3E9A78 /* Pods */ = {
			isa = PBXGroup;
			children = (
				458551585854A6D9656BDA87 /* Pods-PizzaMe!.debug.xcconfig */,
				903B25A89BB16FD9226C7226 /* Pods-PizzaMe!.release.xcconfig */,
			);
			name = Pods;
			sourceTree = "<group>";
		};
		C55C054C418660B13EE9261D /* Frameworks */ = {
			isa = PBXGroup;
			children = (
				94238C4CAD8DEE4EE3B39231 /* Pods_PizzaMe_.framework */,
			);
			name = Frameworks;
			sourceTree = "<group>";
		};
		C623FB361EB79C2600099C9D /* Watch */ = {
			isa = PBXGroup;
			children = (
				C623FB371EB79C2600099C9D /* Interface.storyboard */,
				C623FB3A1EB79C2600099C9D /* Assets.xcassets */,
				C623FB3C1EB79C2600099C9D /* Info.plist */,
			);
			path = Watch;
			sourceTree = "<group>";
		};
		C623FB451EB79C2600099C9D /* Watch Extension */ = {
			isa = PBXGroup;
			children = (
				C623FB5B1EB7A0B400099C9D /* images */,
				C623FB461EB79C2600099C9D /* InterfaceController.swift */,
				C623FB591EB79FE500099C9D /* MapInterfaceController.swift */,
				C623FB481EB79C2600099C9D /* ExtensionDelegate.swift */,
				C623FB4A1EB79C2600099C9D /* Assets.xcassets */,
				C623FB4C1EB79C2600099C9D /* Info.plist */,
			);
			path = "Watch Extension";
			sourceTree = "<group>";
		};
		C623FB5B1EB7A0B400099C9D /* images */ = {
			isa = PBXGroup;
			children = (
				C623FB5C1EB7A0C000099C9D /* pizza_marker_watch.png */,
			);
			name = images;
			sourceTree = "<group>";
		};
		C6871FF31E8207A700351017 = {
			isa = PBXGroup;
			children = (
				C6871FFE1E8207A700351017 /* PizzaMe! */,
				C623FB361EB79C2600099C9D /* Watch */,
				C623FB451EB79C2600099C9D /* Watch Extension */,
				C6871FFD1E8207A700351017 /* Products */,
				267D59BCB3DEB962FD3E9A78 /* Pods */,
				C55C054C418660B13EE9261D /* Frameworks */,
			);
			sourceTree = "<group>";
		};
		C6871FFD1E8207A700351017 /* Products */ = {
			isa = PBXGroup;
			children = (
				C6871FFC1E8207A700351017 /* PizzaMe!.app */,
				C623FB351EB79C2500099C9D /* Watch.app */,
				C623FB411EB79C2600099C9D /* Watch Extension.appex */,
			);
			name = Products;
			sourceTree = "<group>";
		};
		C6871FFE1E8207A700351017 /* PizzaMe! */ = {
			isa = PBXGroup;
			children = (
				C69B0D7F1EA94716003FE233 /* HexColors */,
				C69B0D801EA94781003FE233 /* Custom Transition */,
				C69B0D811EA9478C003FE233 /* AR Custom Annotation */,
				C69B0D821EA94794003FE233 /* Custom Cell */,
				C69B0D831EA9479C003FE233 /* Objects */,
				C69B0D841EA947A2003FE233 /* Pizza Custom Marker */,
				C68720111E82086A00351017 /* ViewControllers */,
				C68720121E82087800351017 /* Images */,
				C6871FFF1E8207A700351017 /* AppDelegate.swift */,
				C68720031E8207A700351017 /* Main.storyboard */,
				C68720061E8207A700351017 /* Assets.xcassets */,
				C68720081E8207A700351017 /* LaunchScreen.storyboard */,
				C69B0D7B1EA946EF003FE233 /* PizzaMe!-Bridging-Header.h */,
				C687200B1E8207A700351017 /* Info.plist */,
				C69B0D791EA9456E003FE233 /* GoogleService-Info.plist */,
			);
			path = "PizzaMe!";
			sourceTree = "<group>";
		};
		C68720111E82086A00351017 /* ViewControllers */ = {
			isa = PBXGroup;
			children = (
				C68720151E8208A600351017 /* PizzaMeViewController.swift */,
				C68720171E8208B500351017 /* GoogleMapsViewController.swift */,
				C69B0D931EA949CE003FE233 /* MoreInfoViewController.swift */,
				C69B0D951EA949E9003FE233 /* ReviewViewController.swift */,
				C69B0D971EA94A06003FE233 /* AddReviewViewController.swift */,
				C69B0D991EA94A1F003FE233 /* LocationDetailTabBarController.swift */,
				C69B0D9B1EA94A33003FE233 /* LocationARViewController.swift */,
			);
			name = ViewControllers;
			sourceTree = "<group>";
		};
		C68720121E82087800351017 /* Images */ = {
			isa = PBXGroup;
			children = (
				C69B0DC31EA95111003FE233 /* pizza_marker.png */,
				C69B0D9D1EA94AB5003FE233 /* marker_background.png */,
				C69B0D9E1EA94AB5003FE233 /* thumb-up.png */,
				C69B0D9F1EA94AB5003FE233 /* info.png */,
				C69B0DA01EA94AB5003FE233 /* taco_me_text.png */,
				C69B0DA11EA94AB5003FE233 /* review_icon_50x50.png */,
				C69B0DA21EA94AB5003FE233 /* Info_icon_50x50.png */,
				C69B0DA31EA94AB5003FE233 /* powered_by_google_on_non_white.png */,
				C69B0DA41EA94AB5003FE233 /* powered_by_google_on_non_white@2x.png */,
				C69B0DA51EA94AB5003FE233 /* 2_5_stars.png */,
				C69B0DA61EA94AB5003FE233 /* 4_5_stars.png */,
				C69B0DA71EA94AB5003FE233 /* 0_5_stars.png */,
				C69B0DA81EA94AB5003FE233 /* 1_5_stars.png */,
				C69B0DA91EA94AB5003FE233 /* 3_5_stars.png */,
				C69B0DAA1EA94AB5003FE233 /* 0_stars.png */,
				C69B0DAB1EA94AB5003FE233 /* 4_stars.png */,
				C69B0DAC1EA94AB5003FE233 /* 1_stars.png */,
				C69B0DAD1EA94AB5003FE233 /* 2_stars.png */,
				C69B0DAE1EA94AB5003FE233 /* 3_stars.png */,
				C69B0DAF1EA94AB5003FE233 /* 5_stars.png */,
				C68720191E820AB700351017 /* pizza_annotation.png */,
				C687201A1E820AB700351017 /* pizza_me.png */,
			);
			name = Images;
			sourceTree = "<group>";
		};
		C69B0D7F1EA94716003FE233 /* HexColors */ = {
			isa = PBXGroup;
			children = (
				C69B0D7C1EA946F0003FE233 /* UIColor+Additions.h */,
				C69B0D7D1EA946F0003FE233 /* UIColor+Additions.m */,
			);
			name = HexColors;
			sourceTree = "<group>";
		};
		C69B0D801EA94781003FE233 /* Custom Transition */ = {
			isa = PBXGroup;
			children = (
				C68BE09E1E844FA500C3E643 /* FadeTransition.swift */,
			);
			name = "Custom Transition";
			sourceTree = "<group>";
		};
		C69B0D811EA9478C003FE233 /* AR Custom Annotation */ = {
			isa = PBXGroup;
			children = (
				C69B0D851EA94805003FE233 /* LocationAnnotationView.swift */,
				C69B0D871EA94812003FE233 /* LocationAnnotation.swift */,
			);
			name = "AR Custom Annotation";
			sourceTree = "<group>";
		};
		C69B0D821EA94794003FE233 /* Custom Cell */ = {
			isa = PBXGroup;
			children = (
				C69B0D891EA9486B003FE233 /* ReviewTableViewCell.swift */,
			);
			name = "Custom Cell";
			sourceTree = "<group>";
		};
		C69B0D831EA9479C003FE233 /* Objects */ = {
			isa = PBXGroup;
			children = (
				C69B0D8B1EA9488B003FE233 /* LocationDetail.swift */,
				C68720131E82089400351017 /* Location.swift */,
				C69B0D8D1EA948A5003FE233 /* Review.swift */,
			);
			name = Objects;
			sourceTree = "<group>";
		};
		C69B0D841EA947A2003FE233 /* Pizza Custom Marker */ = {
			isa = PBXGroup;
			children = (
				C69B0D8F1EA948D0003FE233 /* CustomInfoWindow.xib */,
				C69B0D901EA948D0003FE233 /* CustomInfoWindow.swift */,
			);
			name = "Pizza Custom Marker";
			sourceTree = "<group>";
		};
/* End PBXGroup section */

/* Begin PBXNativeTarget section */
		C623FB341EB79C2500099C9D /* Watch */ = {
			isa = PBXNativeTarget;
			buildConfigurationList = C623FB541EB79C2600099C9D /* Build configuration list for PBXNativeTarget "Watch" */;
			buildPhases = (
				C623FB331EB79C2500099C9D /* Resources */,
				C623FB531EB79C2600099C9D /* Embed App Extensions */,
			);
			buildRules = (
			);
			dependencies = (
				C623FB441EB79C2600099C9D /* PBXTargetDependency */,
			);
			name = Watch;
			productName = Watch;
			productReference = C623FB351EB79C2500099C9D /* Watch.app */;
			productType = "com.apple.product-type.application.watchapp2";
		};
		C623FB401EB79C2600099C9D /* Watch Extension */ = {
			isa = PBXNativeTarget;
			buildConfigurationList = C623FB501EB79C2600099C9D /* Build configuration list for PBXNativeTarget "Watch Extension" */;
			buildPhases = (
				C623FB3D1EB79C2600099C9D /* Sources */,
				C623FB3E1EB79C2600099C9D /* Frameworks */,
				C623FB3F1EB79C2600099C9D /* Resources */,
			);
			buildRules = (
			);
			dependencies = (
			);
			name = "Watch Extension";
			productName = "Watch Extension";
			productReference = C623FB411EB79C2600099C9D /* Watch Extension.appex */;
			productType = "com.apple.product-type.watchkit2-extension";
		};
		C6871FFB1E8207A700351017 /* PizzaMe! */ = {
			isa = PBXNativeTarget;
			buildConfigurationList = C687200E1E8207A700351017 /* Build configuration list for PBXNativeTarget "PizzaMe!" */;
			buildPhases = (
				D9BDC6E1AD6B25711139945C /* [CP] Check Pods Manifest.lock */,
				C6871FF81E8207A700351017 /* Sources */,
				C6871FF91E8207A700351017 /* Frameworks */,
				C6871FFA1E8207A700351017 /* Resources */,
				A522FDD8DD4865CC88012C80 /* [CP] Embed Pods Frameworks */,
				08D8ADC28C5EBA70A2FC0062 /* [CP] Copy Pods Resources */,
				C623FB571EB79C2600099C9D /* Embed Watch Content */,
			);
			buildRules = (
			);
			dependencies = (
				C623FB4E1EB79C2600099C9D /* PBXTargetDependency */,
			);
			name = "PizzaMe!";
			productName = "PizzaMe!";
			productReference = C6871FFC1E8207A700351017 /* PizzaMe!.app */;
			productType = "com.apple.product-type.application";
		};
/* End PBXNativeTarget section */

/* Begin PBXProject section */
		C6871FF41E8207A700351017 /* Project object */ = {
			isa = PBXProject;
			attributes = {
				LastSwiftUpdateCheck = 0830;
				LastUpgradeCheck = 0820;
				ORGANIZATIONNAME = "Hayden Goldman";
				TargetAttributes = {
					C623FB341EB79C2500099C9D = {
						CreatedOnToolsVersion = 8.3.2;
						DevelopmentTeam = 5UN8LHXK2J;
						LastSwiftMigration = 0830;
						ProvisioningStyle = Automatic;
					};
					C623FB401EB79C2600099C9D = {
						CreatedOnToolsVersion = 8.3.2;
						DevelopmentTeam = 5UN8LHXK2J;
						ProvisioningStyle = Automatic;
					};
					C6871FFB1E8207A700351017 = {
						CreatedOnToolsVersion = 8.2.1;
						DevelopmentTeam = 5UN8LHXK2J;
						LastSwiftMigration = 0830;
						ProvisioningStyle = Automatic;
					};
				};
			};
			buildConfigurationList = C6871FF71E8207A700351017 /* Build configuration list for PBXProject "PizzaMe!" */;
			compatibilityVersion = "Xcode 3.2";
			developmentRegion = English;
			hasScannedForEncodings = 0;
			knownRegions = (
				en,
				Base,
			);
			mainGroup = C6871FF31E8207A700351017;
			productRefGroup = C6871FFD1E8207A700351017 /* Products */;
			projectDirPath = "";
			projectRoot = "";
			targets = (
				C6871FFB1E8207A700351017 /* PizzaMe! */,
				C623FB341EB79C2500099C9D /* Watch */,
				C623FB401EB79C2600099C9D /* Watch Extension */,
			);
		};
/* End PBXProject section */

/* Begin PBXResourcesBuildPhase section */
		C623FB331EB79C2500099C9D /* Resources */ = {
			isa = PBXResourcesBuildPhase;
			buildActionMask = 2147483647;
			files = (
				C623FB3B1EB79C2600099C9D /* Assets.xcassets in Resources */,
				C623FB391EB79C2600099C9D /* Interface.storyboard in Resources */,
				C623FB601EB7A4D600099C9D /* pizza_marker.png in Resources */,
				C623FB5D1EB7A0C000099C9D /* pizza_marker_watch.png in Resources */,
			);
			runOnlyForDeploymentPostprocessing = 0;
		};
		C623FB3F1EB79C2600099C9D /* Resources */ = {
			isa = PBXResourcesBuildPhase;
			buildActionMask = 2147483647;
			files = (
				C623FB5E1EB7A0C000099C9D /* pizza_marker_watch.png in Resources */,
				C623FB5F1EB7A4D600099C9D /* pizza_marker.png in Resources */,
				C623FB4B1EB79C2600099C9D /* Assets.xcassets in Resources */,
			);
			runOnlyForDeploymentPostprocessing = 0;
		};
		C6871FFA1E8207A700351017 /* Resources */ = {
			isa = PBXResourcesBuildPhase;
			buildActionMask = 2147483647;
			files = (
				C687200A1E8207A700351017 /* LaunchScreen.storyboard in Resources */,
				C69B0DC41EA95111003FE233 /* pizza_marker.png in Resources */,
				C69B0DB21EA94AB5003FE233 /* info.png in Resources */,
				C69B0DBA1EA94AB5003FE233 /* 0_5_stars.png in Resources */,
				C69B0DBC1EA94AB5003FE233 /* 3_5_stars.png in Resources */,
				C69B0DB91EA94AB5003FE233 /* 4_5_stars.png in Resources */,
				C69B0DB81EA94AB5003FE233 /* 2_5_stars.png in Resources */,
				C69B0DB01EA94AB5003FE233 /* marker_background.png in Resources */,
				C69B0D911EA948D0003FE233 /* CustomInfoWindow.xib in Resources */,
				C69B0DB71EA94AB5003FE233 /* powered_by_google_on_non_white@2x.png in Resources */,
				C687201C1E820AB700351017 /* pizza_me.png in Resources */,
				C69B0DB11EA94AB5003FE233 /* thumb-up.png in Resources */,
				C69B0DC21EA94AB5003FE233 /* 5_stars.png in Resources */,
				C68720071E8207A700351017 /* Assets.xcassets in Resources */,
				C69B0DC01EA94AB5003FE233 /* 2_stars.png in Resources */,
				C69B0DC11EA94AB5003FE233 /* 3_stars.png in Resources */,
				C69B0DBF1EA94AB5003FE233 /* 1_stars.png in Resources */,
				C69B0DB41EA94AB5003FE233 /* review_icon_50x50.png in Resources */,
				C68720051E8207A700351017 /* Main.storyboard in Resources */,
				C69B0DBE1EA94AB5003FE233 /* 4_stars.png in Resources */,
				C69B0DBD1EA94AB5003FE233 /* 0_stars.png in Resources */,
				C69B0DB61EA94AB5003FE233 /* powered_by_google_on_non_white.png in Resources */,
				C69B0DBB1EA94AB5003FE233 /* 1_5_stars.png in Resources */,
				C69B0DB31EA94AB5003FE233 /* taco_me_text.png in Resources */,
				C687201B1E820AB700351017 /* pizza_annotation.png in Resources */,
				C69B0DB51EA94AB5003FE233 /* Info_icon_50x50.png in Resources */,
				C69B0D7A1EA9456E003FE233 /* GoogleService-Info.plist in Resources */,
			);
			runOnlyForDeploymentPostprocessing = 0;
		};
/* End PBXResourcesBuildPhase section */

/* Begin PBXShellScriptBuildPhase section */
		08D8ADC28C5EBA70A2FC0062 /* [CP] Copy Pods Resources */ = {
			isa = PBXShellScriptBuildPhase;
			buildActionMask = 2147483647;
			files = (
			);
			inputPaths = (
			);
			name = "[CP] Copy Pods Resources";
			outputPaths = (
			);
			runOnlyForDeploymentPostprocessing = 0;
			shellPath = /bin/sh;
			shellScript = "\"${SRCROOT}/Pods/Target Support Files/Pods-PizzaMe!/Pods-PizzaMe!-resources.sh\"\n";
			showEnvVarsInLog = 0;
		};
		A522FDD8DD4865CC88012C80 /* [CP] Embed Pods Frameworks */ = {
			isa = PBXShellScriptBuildPhase;
			buildActionMask = 2147483647;
			files = (
			);
			inputPaths = (
			);
			name = "[CP] Embed Pods Frameworks";
			outputPaths = (
			);
			runOnlyForDeploymentPostprocessing = 0;
			shellPath = /bin/sh;
			shellScript = "\"${SRCROOT}/Pods/Target Support Files/Pods-PizzaMe!/Pods-PizzaMe!-frameworks.sh\"\n";
			showEnvVarsInLog = 0;
		};
		D9BDC6E1AD6B25711139945C /* [CP] Check Pods Manifest.lock */ = {
			isa = PBXShellScriptBuildPhase;
			buildActionMask = 2147483647;
			files = (
			);
			inputPaths = (
			);
			name = "[CP] Check Pods Manifest.lock";
			outputPaths = (
			);
			runOnlyForDeploymentPostprocessing = 0;
			shellPath = /bin/sh;
			shellScript = "diff \"${PODS_PODFILE_DIR_PATH}/Podfile.lock\" \"${PODS_ROOT}/Manifest.lock\" > /dev/null\nif [ $? != 0 ] ; then\n    # print error to STDERR\n    echo \"error: The sandbox is not in sync with the Podfile.lock. Run 'pod install' or update your CocoaPods installation.\" >&2\n    exit 1\nfi\n";
			showEnvVarsInLog = 0;
		};
/* End PBXShellScriptBuildPhase section */

/* Begin PBXSourcesBuildPhase section */
		C623FB3D1EB79C2600099C9D /* Sources */ = {
			isa = PBXSourcesBuildPhase;
			buildActionMask = 2147483647;
			files = (
				C623FB491EB79C2600099C9D /* ExtensionDelegate.swift in Sources */,
				C623FB581EB79DD600099C9D /* Location.swift in Sources */,
				C623FB5A1EB79FE500099C9D /* MapInterfaceController.swift in Sources */,
				C623FB471EB79C2600099C9D /* InterfaceController.swift in Sources */,
			);
			runOnlyForDeploymentPostprocessing = 0;
		};
		C6871FF81E8207A700351017 /* Sources */ = {
			isa = PBXSourcesBuildPhase;
			buildActionMask = 2147483647;
			files = (
				C68720001E8207A700351017 /* AppDelegate.swift in Sources */,
				C68BE09F1E844FA500C3E643 /* FadeTransition.swift in Sources */,
				C69B0D961EA949E9003FE233 /* ReviewViewController.swift in Sources */,
				C69B0D981EA94A06003FE233 /* AddReviewViewController.swift in Sources */,
				C68720161E8208A600351017 /* PizzaMeViewController.swift in Sources */,
				C69B0D9C1EA94A33003FE233 /* LocationARViewController.swift in Sources */,
				C69B0D861EA94805003FE233 /* LocationAnnotationView.swift in Sources */,
				C69B0D921EA948D0003FE233 /* CustomInfoWindow.swift in Sources */,
				C68720141E82089400351017 /* Location.swift in Sources */,
				C68720181E8208B500351017 /* GoogleMapsViewController.swift in Sources */,
				C69B0D8E1EA948A5003FE233 /* Review.swift in Sources */,
				C69B0D7E1EA946F0003FE233 /* UIColor+Additions.m in Sources */,
				C69B0D9A1EA94A1F003FE233 /* LocationDetailTabBarController.swift in Sources */,
				C69B0D8A1EA9486B003FE233 /* ReviewTableViewCell.swift in Sources */,
				C69B0D881EA94812003FE233 /* LocationAnnotation.swift in Sources */,
				C69B0D8C1EA9488B003FE233 /* LocationDetail.swift in Sources */,
				C69B0D941EA949CE003FE233 /* MoreInfoViewController.swift in Sources */,
			);
			runOnlyForDeploymentPostprocessing = 0;
		};
/* End PBXSourcesBuildPhase section */

/* Begin PBXTargetDependency section */
		C623FB441EB79C2600099C9D /* PBXTargetDependency */ = {
			isa = PBXTargetDependency;
			target = C623FB401EB79C2600099C9D /* Watch Extension */;
			targetProxy = C623FB431EB79C2600099C9D /* PBXContainerItemProxy */;
		};
		C623FB4E1EB79C2600099C9D /* PBXTargetDependency */ = {
			isa = PBXTargetDependency;
			target = C623FB341EB79C2500099C9D /* Watch */;
			targetProxy = C623FB4D1EB79C2600099C9D /* PBXContainerItemProxy */;
		};
/* End PBXTargetDependency section */

/* Begin PBXVariantGroup section */
		C623FB371EB79C2600099C9D /* Interface.storyboard */ = {
			isa = PBXVariantGroup;
			children = (
				C623FB381EB79C2600099C9D /* Base */,
			);
			name = Interface.storyboard;
			sourceTree = "<group>";
		};
		C68720031E8207A700351017 /* Main.storyboard */ = {
			isa = PBXVariantGroup;
			children = (
				C68720041E8207A700351017 /* Base */,
			);
			name = Main.storyboard;
			sourceTree = "<group>";
		};
		C68720081E8207A700351017 /* LaunchScreen.storyboard */ = {
			isa = PBXVariantGroup;
			children = (
				C68720091E8207A700351017 /* Base */,
			);
			name = LaunchScreen.storyboard;
			sourceTree = "<group>";
		};
/* End PBXVariantGroup section */

/* Begin XCBuildConfiguration section */
		C623FB511EB79C2600099C9D /* Debug */ = {
			isa = XCBuildConfiguration;
			buildSettings = {
				ASSETCATALOG_COMPILER_COMPLICATION_NAME = Complication;
				CLANG_ANALYZER_NUMBER_OBJECT_CONVERSION = YES_AGGRESSIVE;
				DEVELOPMENT_TEAM = 5UN8LHXK2J;
				INFOPLIST_FILE = "Watch Extension/Info.plist";
				LD_RUNPATH_SEARCH_PATHS = "$(inherited) @executable_path/Frameworks @executable_path/../../Frameworks";
				PRODUCT_BUNDLE_IDENTIFIER = "com.haydengoldman.PizzaMe-.watchkitapp.watchkitextension";
				PRODUCT_NAME = "${TARGET_NAME}";
				SDKROOT = watchos;
				SKIP_INSTALL = YES;
				SWIFT_VERSION = 3.0;
				TARGETED_DEVICE_FAMILY = 4;
				WATCHOS_DEPLOYMENT_TARGET = 3.0;
			};
			name = Debug;
		};
		C623FB521EB79C2600099C9D /* Release */ = {
			isa = XCBuildConfiguration;
			buildSettings = {
				ASSETCATALOG_COMPILER_COMPLICATION_NAME = Complication;
				CLANG_ANALYZER_NUMBER_OBJECT_CONVERSION = YES_AGGRESSIVE;
				DEVELOPMENT_TEAM = 5UN8LHXK2J;
				INFOPLIST_FILE = "Watch Extension/Info.plist";
				LD_RUNPATH_SEARCH_PATHS = "$(inherited) @executable_path/Frameworks @executable_path/../../Frameworks";
				PRODUCT_BUNDLE_IDENTIFIER = "com.haydengoldman.PizzaMe-.watchkitapp.watchkitextension";
				PRODUCT_NAME = "${TARGET_NAME}";
				SDKROOT = watchos;
				SKIP_INSTALL = YES;
				SWIFT_VERSION = 3.0;
				TARGETED_DEVICE_FAMILY = 4;
				WATCHOS_DEPLOYMENT_TARGET = 3.0;
			};
			name = Release;
		};
		C623FB551EB79C2600099C9D /* Debug */ = {
			isa = XCBuildConfiguration;
			buildSettings = {
				ALWAYS_EMBED_SWIFT_STANDARD_LIBRARIES = YES;
				ASSETCATALOG_COMPILER_APPICON_NAME = AppIcon;
				CLANG_ANALYZER_NUMBER_OBJECT_CONVERSION = YES_AGGRESSIVE;
				CLANG_ENABLE_MODULES = YES;
				DEVELOPMENT_TEAM = 5UN8LHXK2J;
				IBSC_MODULE = Watch_Extension;
				INFOPLIST_FILE = Watch/Info.plist;
				LD_RUNPATH_SEARCH_PATHS = "$(inherited) @executable_path/../Frameworks @loader_path/../Frameworks";
				PRODUCT_BUNDLE_IDENTIFIER = "com.haydengoldman.PizzaMe-.watchkitapp";
				PRODUCT_NAME = "$(TARGET_NAME)";
				SDKROOT = watchos;
				SKIP_INSTALL = YES;
				SWIFT_OPTIMIZATION_LEVEL = "-Onone";
				SWIFT_VERSION = 3.0;
				TARGETED_DEVICE_FAMILY = 4;
				WATCHOS_DEPLOYMENT_TARGET = 3.0;
			};
			name = Debug;
		};
		C623FB561EB79C2600099C9D /* Release */ = {
			isa = XCBuildConfiguration;
			buildSettings = {
				ALWAYS_EMBED_SWIFT_STANDARD_LIBRARIES = YES;
				ASSETCATALOG_COMPILER_APPICON_NAME = AppIcon;
				CLANG_ANALYZER_NUMBER_OBJECT_CONVERSION = YES_AGGRESSIVE;
				CLANG_ENABLE_MODULES = YES;
				DEVELOPMENT_TEAM = 5UN8LHXK2J;
				IBSC_MODULE = Watch_Extension;
				INFOPLIST_FILE = Watch/Info.plist;
				LD_RUNPATH_SEARCH_PATHS = "$(inherited) @executable_path/../Frameworks @loader_path/../Frameworks";
				PRODUCT_BUNDLE_IDENTIFIER = "com.haydengoldman.PizzaMe-.watchkitapp";
				PRODUCT_NAME = "$(TARGET_NAME)";
				SDKROOT = watchos;
				SKIP_INSTALL = YES;
				SWIFT_VERSION = 3.0;
				TARGETED_DEVICE_FAMILY = 4;
				WATCHOS_DEPLOYMENT_TARGET = 3.0;
			};
			name = Release;
		};
		C687200C1E8207A700351017 /* Debug */ = {
			isa = XCBuildConfiguration;
			buildSettings = {
				ALWAYS_SEARCH_USER_PATHS = NO;
				CLANG_ANALYZER_NONNULL = YES;
				CLANG_CXX_LANGUAGE_STANDARD = "gnu++0x";
				CLANG_CXX_LIBRARY = "libc++";
				CLANG_ENABLE_MODULES = YES;
				CLANG_ENABLE_OBJC_ARC = YES;
				CLANG_WARN_BOOL_CONVERSION = YES;
				CLANG_WARN_CONSTANT_CONVERSION = YES;
				CLANG_WARN_DIRECT_OBJC_ISA_USAGE = YES_ERROR;
				CLANG_WARN_DOCUMENTATION_COMMENTS = YES;
				CLANG_WARN_EMPTY_BODY = YES;
				CLANG_WARN_ENUM_CONVERSION = YES;
				CLANG_WARN_INFINITE_RECURSION = YES;
				CLANG_WARN_INT_CONVERSION = YES;
				CLANG_WARN_OBJC_ROOT_CLASS = YES_ERROR;
				CLANG_WARN_SUSPICIOUS_MOVE = YES;
				CLANG_WARN_UNREACHABLE_CODE = YES;
				CLANG_WARN__DUPLICATE_METHOD_MATCH = YES;
				"CODE_SIGN_IDENTITY[sdk=iphoneos*]" = "iPhone Developer";
				COPY_PHASE_STRIP = NO;
				DEBUG_INFORMATION_FORMAT = dwarf;
				ENABLE_STRICT_OBJC_MSGSEND = YES;
				ENABLE_TESTABILITY = YES;
				GCC_C_LANGUAGE_STANDARD = gnu99;
				GCC_DYNAMIC_NO_PIC = NO;
				GCC_NO_COMMON_BLOCKS = YES;
				GCC_OPTIMIZATION_LEVEL = 0;
				GCC_PREPROCESSOR_DEFINITIONS = (
					"DEBUG=1",
					"$(inherited)",
				);
				GCC_WARN_64_TO_32_BIT_CONVERSION = YES;
				GCC_WARN_ABOUT_RETURN_TYPE = YES_ERROR;
				GCC_WARN_UNDECLARED_SELECTOR = YES;
				GCC_WARN_UNINITIALIZED_AUTOS = YES_AGGRESSIVE;
				GCC_WARN_UNUSED_FUNCTION = YES;
				GCC_WARN_UNUSED_VARIABLE = YES;
				IPHONEOS_DEPLOYMENT_TARGET = 10.0;
				MTL_ENABLE_DEBUG_INFO = YES;
				ONLY_ACTIVE_ARCH = YES;
				SDKROOT = iphoneos;
				SWIFT_ACTIVE_COMPILATION_CONDITIONS = DEBUG;
				SWIFT_OPTIMIZATION_LEVEL = "-Onone";
				TARGETED_DEVICE_FAMILY = "1,2";
			};
			name = Debug;
		};
		C687200D1E8207A700351017 /* Release */ = {
			isa = XCBuildConfiguration;
			buildSettings = {
				ALWAYS_SEARCH_USER_PATHS = NO;
				CLANG_ANALYZER_NONNULL = YES;
				CLANG_CXX_LANGUAGE_STANDARD = "gnu++0x";
				CLANG_CXX_LIBRARY = "libc++";
				CLANG_ENABLE_MODULES = YES;
				CLANG_ENABLE_OBJC_ARC = YES;
				CLANG_WARN_BOOL_CONVERSION = YES;
				CLANG_WARN_CONSTANT_CONVERSION = YES;
				CLANG_WARN_DIRECT_OBJC_ISA_USAGE = YES_ERROR;
				CLANG_WARN_DOCUMENTATION_COMMENTS = YES;
				CLANG_WARN_EMPTY_BODY = YES;
				CLANG_WARN_ENUM_CONVERSION = YES;
				CLANG_WARN_INFINITE_RECURSION = YES;
				CLANG_WARN_INT_CONVERSION = YES;
				CLANG_WARN_OBJC_ROOT_CLASS = YES_ERROR;
				CLANG_WARN_SUSPICIOUS_MOVE = YES;
				CLANG_WARN_UNREACHABLE_CODE = YES;
				CLANG_WARN__DUPLICATE_METHOD_MATCH = YES;
				"CODE_SIGN_IDENTITY[sdk=iphoneos*]" = "iPhone Developer";
				COPY_PHASE_STRIP = NO;
				DEBUG_INFORMATION_FORMAT = "dwarf-with-dsym";
				ENABLE_NS_ASSERTIONS = NO;
				ENABLE_STRICT_OBJC_MSGSEND = YES;
				GCC_C_LANGUAGE_STANDARD = gnu99;
				GCC_NO_COMMON_BLOCKS = YES;
				GCC_WARN_64_TO_32_BIT_CONVERSION = YES;
				GCC_WARN_ABOUT_RETURN_TYPE = YES_ERROR;
				GCC_WARN_UNDECLARED_SELECTOR = YES;
				GCC_WARN_UNINITIALIZED_AUTOS = YES_AGGRESSIVE;
				GCC_WARN_UNUSED_FUNCTION = YES;
				GCC_WARN_UNUSED_VARIABLE = YES;
				IPHONEOS_DEPLOYMENT_TARGET = 10.0;
				MTL_ENABLE_DEBUG_INFO = NO;
				SDKROOT = iphoneos;
				SWIFT_OPTIMIZATION_LEVEL = "-Owholemodule";
				TARGETED_DEVICE_FAMILY = "1,2";
				VALIDATE_PRODUCT = YES;
			};
			name = Release;
		};
		C687200F1E8207A700351017 /* Debug */ = {
			isa = XCBuildConfiguration;
			baseConfigurationReference = 458551585854A6D9656BDA87 /* Pods-PizzaMe!.debug.xcconfig */;
			buildSettings = {
				ASSETCATALOG_COMPILER_APPICON_NAME = AppIcon;
				CLANG_ENABLE_MODULES = YES;
				DEVELOPMENT_TEAM = 5UN8LHXK2J;
				INFOPLIST_FILE = "PizzaMe!/Info.plist";
				IPHONEOS_DEPLOYMENT_TARGET = 10.0;
				LD_RUNPATH_SEARCH_PATHS = "$(inherited) @executable_path/Frameworks";
				PRODUCT_BUNDLE_IDENTIFIER = "com.haydengoldman.PizzaMe-";
				PRODUCT_NAME = "$(TARGET_NAME)";
				SWIFT_OBJC_BRIDGING_HEADER = "PizzaMe!/PizzaMe!-Bridging-Header.h";
				SWIFT_OPTIMIZATION_LEVEL = "-Onone";
				SWIFT_VERSION = 3.0;
			};
			name = Debug;
		};
		C68720101E8207A700351017 /* Release */ = {
			isa = XCBuildConfiguration;
			baseConfigurationReference = 903B25A89BB16FD9226C7226 /* Pods-PizzaMe!.release.xcconfig */;
			buildSettings = {
				ASSETCATALOG_COMPILER_APPICON_NAME = AppIcon;
				CLANG_ENABLE_MODULES = YES;
				DEVELOPMENT_TEAM = 5UN8LHXK2J;
				INFOPLIST_FILE = "PizzaMe!/Info.plist";
				IPHONEOS_DEPLOYMENT_TARGET = 10.0;
				LD_RUNPATH_SEARCH_PATHS = "$(inherited) @executable_path/Frameworks";
				PRODUCT_BUNDLE_IDENTIFIER = "com.haydengoldman.PizzaMe-";
				PRODUCT_NAME = "$(TARGET_NAME)";
				SWIFT_OBJC_BRIDGING_HEADER = "PizzaMe!/PizzaMe!-Bridging-Header.h";
				SWIFT_VERSION = 3.0;
			};
			name = Release;
		};
/* End XCBuildConfiguration section */

/* Begin XCConfigurationList section */
		C623FB501EB79C2600099C9D /* Build configuration list for PBXNativeTarget "Watch Extension" */ = {
			isa = XCConfigurationList;
			buildConfigurations = (
				C623FB511EB79C2600099C9D /* Debug */,
				C623FB521EB79C2600099C9D /* Release */,
			);
			defaultConfigurationIsVisible = 0;
		};
		C623FB541EB79C2600099C9D /* Build configuration list for PBXNativeTarget "Watch" */ = {
			isa = XCConfigurationList;
			buildConfigurations = (
				C623FB551EB79C2600099C9D /* Debug */,
				C623FB561EB79C2600099C9D /* Release */,
			);
			defaultConfigurationIsVisible = 0;
		};
		C6871FF71E8207A700351017 /* Build configuration list for PBXProject "PizzaMe!" */ = {
			isa = XCConfigurationList;
			buildConfigurations = (
				C687200C1E8207A700351017 /* Debug */,
				C687200D1E8207A700351017 /* Release */,
			);
			defaultConfigurationIsVisible = 0;
			defaultConfigurationName = Release;
		};
		C687200E1E8207A700351017 /* Build configuration list for PBXNativeTarget "PizzaMe!" */ = {
			isa = XCConfigurationList;
			buildConfigurations = (
				C687200F1E8207A700351017 /* Debug */,
				C68720101E8207A700351017 /* Release */,
			);
			defaultConfigurationIsVisible = 0;
			defaultConfigurationName = Release;
		};
/* End XCConfigurationList section */
	};
	rootObject = C6871FF41E8207A700351017 /* Project object */;
}
